
Microsoft Visual Studio Solution File, Format Version 12.00
# Visual Studio Version 17
VisualStudioVersion = 17.8.34322.80
MinimumVisualStudioVersion = 10.0.40219.1
Project("{9A19103F-16F7-4668-BE54-9A1E7A4F7556}") = "Sarvicny.Api", "Sarvicny.Api\Sarvicny.Api.csproj", "{0D98FD3C-106F-4285-91F7-34A2409A3B2F}"
EndProject
Project("{9A19103F-16F7-4668-BE54-9A1E7A4F7556}") = "Sarvicny.Application", "Sarvicny.Application\Sarvicny.Application.csproj", "{DB84666A-A581-44AA-942C-39142A633BD3}"
EndProject
Project("{9A19103F-16F7-4668-BE54-9A1E7A4F7556}") = "Sarvicny.Contracts", "Sarvicny.Contracts\Sarvicny.Contracts.csproj", "{2F9078C3-1357-4FB0-B9F2-68D5E8B0576E}"
EndProject
Project("{9A19103F-16F7-4668-BE54-9A1E7A4F7556}") = "Sarvicny.Domain", "Sarvicny.Domain\Sarvicny.Domain.csproj", "{4A678814-616B-44FC-B0CD-30D2EBFA0C6A}"
EndProject
Project("{9A19103F-16F7-4668-BE54-9A1E7A4F7556}") = "Sarvicny.Infrastructure", "Sarvicny.Infrastructure\Sarvicny.Infrastructure.csproj", "{822B7723-A2F6-4E4D-BF21-5B5F54E9DCFA}"
EndProject
Project("{FAE04EC0-301F-11D3-BF4B-00C04F79EFBC}") = "Sarvicny.Application.Tests", "Sarvicny.Application.Tests\Sarvicny.Application.Tests.csproj", "{E2894A8A-9A11-4EE6-80EA-15FC94136A57}"
EndProject
Global
	GlobalSection(SolutionConfigurationPlatforms) = preSolution
		Debug|Any CPU = Debug|Any CPU
		Release|Any CPU = Release|Any CPU
	EndGlobalSection
	GlobalSection(ProjectConfigurationPlatforms) = postSolution
		{0D98FD3C-106F-4285-91F7-34A2409A3B2F}.Debug|Any CPU.ActiveCfg = Debug|Any CPU
		{0D98FD3C-106F-4285-91F7-34A2409A3B2F}.Debug|Any CPU.Build.0 = Debug|Any CPU
		{0D98FD3C-106F-4285-91F7-34A2409A3B2F}.Release|Any CPU.ActiveCfg = Release|Any CPU
		{0D98FD3C-106F-4285-91F7-34A2409A3B2F}.Release|Any CPU.Build.0 = Release|Any CPU
		{DB84666A-A581-44AA-942C-39142A633BD3}.Debug|Any CPU.ActiveCfg = Debug|Any CPU
		{DB84666A-A581-44AA-942C-39142A633BD3}.Debug|Any CPU.Build.0 = Debug|Any CPU
		{DB84666A-A581-44AA-942C-39142A633BD3}.Release|Any CPU.ActiveCfg = Release|Any CPU
		{DB84666A-A581-44AA-942C-39142A633BD3}.Release|Any CPU.Build.0 = Release|Any CPU
		{2F9078C3-1357-4FB0-B9F2-68D5E8B0576E}.Debug|Any CPU.ActiveCfg = Debug|Any CPU
		{2F9078C3-1357-4FB0-B9F2-68D5E8B0576E}.Debug|Any CPU.Build.0 = Debug|Any CPU
		{2F9078C3-1357-4FB0-B9F2-68D5E8B0576E}.Release|Any CPU.ActiveCfg = Release|Any CPU
		{2F9078C3-1357-4FB0-B9F2-68D5E8B0576E}.Release|Any CPU.Build.0 = Release|Any CPU
		{4A678814-616B-44FC-B0CD-30D2EBFA0C6A}.Debug|Any CPU.ActiveCfg = Debug|Any CPU
		{4A678814-616B-44FC-B0CD-30D2EBFA0C6A}.Debug|Any CPU.Build.0 = Debug|Any CPU
		{4A678814-616B-44FC-B0CD-30D2EBFA0C6A}.Release|Any CPU.ActiveCfg = Release|Any CPU
		{4A678814-616B-44FC-B0CD-30D2EBFA0C6A}.Release|Any CPU.Build.0 = Release|Any CPU
		{822B7723-A2F6-4E4D-BF21-5B5F54E9DCFA}.Debug|Any CPU.ActiveCfg = Debug|Any CPU
		{822B7723-A2F6-4E4D-BF21-5B5F54E9DCFA}.Debug|Any CPU.Build.0 = Debug|Any CPU
		{822B7723-A2F6-4E4D-BF21-5B5F54E9DCFA}.Release|Any CPU.ActiveCfg = Release|Any CPU
		{822B7723-A2F6-4E4D-BF21-5B5F54E9DCFA}.Release|Any CPU.Build.0 = Release|Any CPU
		{E2894A8A-9A11-4EE6-80EA-15FC94136A57}.Debug|Any CPU.ActiveCfg = Debug|Any CPU
		{E2894A8A-9A11-4EE6-80EA-15FC94136A57}.Debug|Any CPU.Build.0 = Debug|Any CPU
		{E2894A8A-9A11-4EE6-80EA-15FC94136A57}.Release|Any CPU.ActiveCfg = Release|Any CPU
		{E2894A8A-9A11-4EE6-80EA-15FC94136A57}.Release|Any CPU.Build.0 = Release|Any CPU
	EndGlobalSection
	GlobalSection(SolutionProperties) = preSolution
		HideSolutionNode = FALSE
	EndGlobalSection
	GlobalSection(ExtensibilityGlobals) = postSolution
		SolutionGuid = {75057344-EC1C-4B22-ADB2-79D50F29CEE5}
	EndGlobalSection
EndGlobal
